
Microsoft Visual Studio Solution File, Format Version 12.00
# Visual Studio Version 17
VisualStudioVersion = 17.5.33530.505
MinimumVisualStudioVersion = 10.0.40219.1
Project("{FAE04EC0-301F-11D3-BF4B-00C04F79EFBC}") = "LandmarkAI_WPF", "LandmarkAI_WPF\LandmarkAI_WPF.csproj", "{4088349C-E713-486C-B6C9-8AA9D09CFE23}"
EndProject
Global
	GlobalSection(SolutionConfigurationPlatforms) = preSolution
		Debug|Any CPU = Debug|Any CPU
		Release|Any CPU = Release|Any CPU
	EndGlobalSection
	GlobalSection(ProjectConfigurationPlatforms) = postSolution
		{4088349C-E713-486C-B6C9-8AA9D09CFE23}.Debug|Any CPU.ActiveCfg = Debug|Any CPU
		{4088349C-E713-486C-B6C9-8AA9D09CFE23}.Debug|Any CPU.Build.0 = Debug|Any CPU
		{4088349C-E713-486C-B6C9-8AA9D09CFE23}.Release|Any CPU.ActiveCfg = Release|Any CPU
		{4088349C-E713-486C-B6C9-8AA9D09CFE23}.Release|Any CPU.Build.0 = Release|Any CPU
	EndGlobalSection
	GlobalSection(SolutionProperties) = preSolution
		HideSolutionNode = FALSE
	EndGlobalSection
	GlobalSection(ExtensibilityGlobals) = postSolution
		SolutionGuid = {C7F17A2C-8B60-4E30-BA92-C83FEFB39E5C}
	EndGlobalSection
EndGlobal
